
Microsoft Visual Studio Solution File, Format Version 12.00
# Visual Studio Version 17
VisualStudioVersion = 17.10.35013.160
MinimumVisualStudioVersion = 10.0.40219.1
Project("{FAE04EC0-301F-11D3-BF4B-00C04F79EFBC}") = "money manager", "money manager\money manager.csproj", "{0382C1A5-7E33-477E-82A9-ABC6CDD9D481}"
EndProject
Global
	GlobalSection(SolutionConfigurationPlatforms) = preSolution
		Debug|Any CPU = Debug|Any CPU
		Release|Any CPU = Release|Any CPU
	EndGlobalSection
	GlobalSection(ProjectConfigurationPlatforms) = postSolution
		{0382C1A5-7E33-477E-82A9-ABC6CDD9D481}.Debug|Any CPU.ActiveCfg = Debug|Any CPU
		{0382C1A5-7E33-477E-82A9-ABC6CDD9D481}.Debug|Any CPU.Build.0 = Debug|Any CPU
		{0382C1A5-7E33-477E-82A9-ABC6CDD9D481}.Release|Any CPU.ActiveCfg = Release|Any CPU
		{0382C1A5-7E33-477E-82A9-ABC6CDD9D481}.Release|Any CPU.Build.0 = Release|Any CPU
	EndGlobalSection
	GlobalSection(SolutionProperties) = preSolution
		HideSolutionNode = FALSE
	EndGlobalSection
	GlobalSection(ExtensibilityGlobals) = postSolution
		SolutionGuid = {F67EFB15-8D5D-49F8-AE03-FA097FC1F041}
	EndGlobalSection
EndGlobal
